
Microsoft Visual Studio Solution File, Format Version 12.00
# Visual Studio Version 17
VisualStudioVersion = 17.5.33530.505
MinimumVisualStudioVersion = 10.0.40219.1
Project("{FAE04EC0-301F-11D3-BF4B-00C04F79EFBC}") = "project-agione-passengers-flights-sync", "project-agione-passengers-flights-af-new\project-agione-passengers-flights-sync.csproj", "{69DA982E-995B-43E7-BC33-1E268AC94754}"
EndProject
Project("{9A19103F-16F7-4668-BE54-9A1E7A4F7556}") = "Core", "..\project-agione-backend\Core\Core.csproj", "{2C642761-A055-4F98-9E83-A7CC12F53AD1}"
EndProject
Project("{9A19103F-16F7-4668-BE54-9A1E7A4F7556}") = "Idata", "..\project-agione-backend\Idata\Idata.csproj", "{9104C871-F1DD-4C92-803B-8B689167D930}"
EndProject
Project("{9A19103F-16F7-4668-BE54-9A1E7A4F7556}") = "Iflight", "..\project-agione-backend\Iflight\Iflight.csproj", "{A8189AEF-90B1-4345-8C25-3BBE451535CC}"
EndProject
Project("{9A19103F-16F7-4668-BE54-9A1E7A4F7556}") = "Ihelpers", "..\project-agione-backend\Ihelpers\Ihelpers.csproj", "{5EFE44BB-9155-4117-9F81-B23D34998AC9}"
EndProject
Project("{9A19103F-16F7-4668-BE54-9A1E7A4F7556}") = "IProfile", "..\project-agione-backend\IProfile\IProfile.csproj", "{8D1DB121-56B1-409D-9EA2-3CA356861D2E}"
EndProject
Project("{9A19103F-16F7-4668-BE54-9A1E7A4F7556}") = "Isite", "..\project-agione-backend\Isite\Isite.csproj", "{05731906-2079-4E14-8457-9334911D2793}"
EndProject
Project("{9A19103F-16F7-4668-BE54-9A1E7A4F7556}") = "Ramp", "..\project-agione-backend\Ramp\Ramp.csproj", "{C0F46226-42D4-444F-A5FC-CA705138EE8F}"
EndProject
Project("{9A19103F-16F7-4668-BE54-9A1E7A4F7556}") = "Setup", "..\project-agione-backend\Setup\Setup.csproj", "{07BE36D7-8539-472F-A950-D227DA1CA860}"
EndProject
Global
	GlobalSection(SolutionConfigurationPlatforms) = preSolution
		Debug|Any CPU = Debug|Any CPU
		Release|Any CPU = Release|Any CPU
	EndGlobalSection
	GlobalSection(ProjectConfigurationPlatforms) = postSolution
		{69DA982E-995B-43E7-BC33-1E268AC94754}.Debug|Any CPU.ActiveCfg = Debug|Any CPU
		{69DA982E-995B-43E7-BC33-1E268AC94754}.Debug|Any CPU.Build.0 = Debug|Any CPU
		{69DA982E-995B-43E7-BC33-1E268AC94754}.Release|Any CPU.ActiveCfg = Release|Any CPU
		{69DA982E-995B-43E7-BC33-1E268AC94754}.Release|Any CPU.Build.0 = Release|Any CPU
		{2C642761-A055-4F98-9E83-A7CC12F53AD1}.Debug|Any CPU.ActiveCfg = Debug|Any CPU
		{2C642761-A055-4F98-9E83-A7CC12F53AD1}.Debug|Any CPU.Build.0 = Debug|Any CPU
		{2C642761-A055-4F98-9E83-A7CC12F53AD1}.Release|Any CPU.ActiveCfg = Release|Any CPU
		{2C642761-A055-4F98-9E83-A7CC12F53AD1}.Release|Any CPU.Build.0 = Release|Any CPU
		{9104C871-F1DD-4C92-803B-8B689167D930}.Debug|Any CPU.ActiveCfg = Debug|Any CPU
		{9104C871-F1DD-4C92-803B-8B689167D930}.Debug|Any CPU.Build.0 = Debug|Any CPU
		{9104C871-F1DD-4C92-803B-8B689167D930}.Release|Any CPU.ActiveCfg = Release|Any CPU
		{9104C871-F1DD-4C92-803B-8B689167D930}.Release|Any CPU.Build.0 = Release|Any CPU
		{A8189AEF-90B1-4345-8C25-3BBE451535CC}.Debug|Any CPU.ActiveCfg = Debug|Any CPU
		{A8189AEF-90B1-4345-8C25-3BBE451535CC}.Debug|Any CPU.Build.0 = Debug|Any CPU
		{A8189AEF-90B1-4345-8C25-3BBE451535CC}.Release|Any CPU.ActiveCfg = Release|Any CPU
		{A8189AEF-90B1-4345-8C25-3BBE451535CC}.Release|Any CPU.Build.0 = Release|Any CPU
		{5EFE44BB-9155-4117-9F81-B23D34998AC9}.Debug|Any CPU.ActiveCfg = Debug|Any CPU
		{5EFE44BB-9155-4117-9F81-B23D34998AC9}.Debug|Any CPU.Build.0 = Debug|Any CPU
		{5EFE44BB-9155-4117-9F81-B23D34998AC9}.Release|Any CPU.ActiveCfg = Release|Any CPU
		{5EFE44BB-9155-4117-9F81-B23D34998AC9}.Release|Any CPU.Build.0 = Release|Any CPU
		{8D1DB121-56B1-409D-9EA2-3CA356861D2E}.Debug|Any CPU.ActiveCfg = Debug|Any CPU
		{8D1DB121-56B1-409D-9EA2-3CA356861D2E}.Debug|Any CPU.Build.0 = Debug|Any CPU
		{8D1DB121-56B1-409D-9EA2-3CA356861D2E}.Release|Any CPU.ActiveCfg = Release|Any CPU
		{8D1DB121-56B1-409D-9EA2-3CA356861D2E}.Release|Any CPU.Build.0 = Release|Any CPU
		{05731906-2079-4E14-8457-9334911D2793}.Debug|Any CPU.ActiveCfg = Debug|Any CPU
		{05731906-2079-4E14-8457-9334911D2793}.Debug|Any CPU.Build.0 = Debug|Any CPU
		{05731906-2079-4E14-8457-9334911D2793}.Release|Any CPU.ActiveCfg = Release|Any CPU
		{05731906-2079-4E14-8457-9334911D2793}.Release|Any CPU.Build.0 = Release|Any CPU
		{C0F46226-42D4-444F-A5FC-CA705138EE8F}.Debug|Any CPU.ActiveCfg = Debug|Any CPU
		{C0F46226-42D4-444F-A5FC-CA705138EE8F}.Debug|Any CPU.Build.0 = Debug|Any CPU
		{C0F46226-42D4-444F-A5FC-CA705138EE8F}.Release|Any CPU.ActiveCfg = Release|Any CPU
		{C0F46226-42D4-444F-A5FC-CA705138EE8F}.Release|Any CPU.Build.0 = Release|Any CPU
		{07BE36D7-8539-472F-A950-D227DA1CA860}.Debug|Any CPU.ActiveCfg = Debug|Any CPU
		{07BE36D7-8539-472F-A950-D227DA1CA860}.Debug|Any CPU.Build.0 = Debug|Any CPU
		{07BE36D7-8539-472F-A950-D227DA1CA860}.Release|Any CPU.ActiveCfg = Release|Any CPU
		{07BE36D7-8539-472F-A950-D227DA1CA860}.Release|Any CPU.Build.0 = Release|Any CPU
	EndGlobalSection
	GlobalSection(SolutionProperties) = preSolution
		HideSolutionNode = FALSE
	EndGlobalSection
	GlobalSection(ExtensibilityGlobals) = postSolution
		SolutionGuid = {F7AC5300-7E13-4812-8E40-C3520743B683}
	EndGlobalSection
EndGlobal
